// !$*UTF8*$!
{
	archiveVersion = 1;
	classes = {
	};
	objectVersion = 46;
	objects = {

/* Begin PBXBuildFile section */
		0D95D45E1DB54CA5004EDFAF /* AppDelegate.swift in Sources */ = {isa = PBXBuildFile; fileRef = 0D95D45D1DB54CA5004EDFAF /* AppDelegate.swift */; };
		0D95D4601DB54CA5004EDFAF /* ViewController.swift in Sources */ = {isa = PBXBuildFile; fileRef = 0D95D45F1DB54CA5004EDFAF /* ViewController.swift */; };
		0D95D4631DB54CA5004EDFAF /* Main.storyboard in Resources */ = {isa = PBXBuildFile; fileRef = 0D95D4611DB54CA5004EDFAF /* Main.storyboard */; };
		0D95D4651DB54CA5004EDFAF /* Assets.xcassets in Resources */ = {isa = PBXBuildFile; fileRef = 0D95D4641DB54CA5004EDFAF /* Assets.xcassets */; };
		0D95D4681DB54CA5004EDFAF /* LaunchScreen.storyboard in Resources */ = {isa = PBXBuildFile; fileRef = 0D95D4661DB54CA5004EDFAF /* LaunchScreen.storyboard */; };
/* End PBXBuildFile section */

/* Begin PBXFileReference section */
		0D95D45A1DB54CA5004EDFAF /* DrinksMate.app */ = {isa = PBXFileReference; explicitFileType = wrapper.application; includeInIndex = 0; path = DrinksMate.app; sourceTree = BUILT_PRODUCTS_DIR; };
		0D95D45D1DB54CA5004EDFAF /* AppDelegate.swift */ = {isa = PBXFileReference; explicitFileType = sourcecode.swift; path = AppDelegate.swift; sourceTree = "<group>"; };
		0D95D45F1DB54CA5004EDFAF /* ViewController.swift */ = {isa = PBXFileReference; lastKnownFileType = sourcecode.swift; path = ViewController.swift; sourceTree = "<group>"; };
		0D95D4621DB54CA5004EDFAF /* Base */ = {isa = PBXFileReference; lastKnownFileType = file.storyboard; name = Base; path = Base.lproj/Main.storyboard; sourceTree = "<group>"; };
		0D95D4641DB54CA5004EDFAF /* Assets.xcassets */ = {isa = PBXFileReference; lastKnownFileType = folder.assetcatalog; path = Assets.xcassets; sourceTree = "<group>"; };
		0D95D4671DB54CA5004EDFAF /* Base */ = {isa = PBXFileReference; lastKnownFileType = file.storyboard; name = Base; path = Base.lproj/LaunchScreen.storyboard; sourceTree = "<group>"; };
		0D95D4691DB54CA5004EDFAF /* Info.plist */ = {isa = PBXFileReference; lastKnownFileType = text.plist.xml; path = Info.plist; sourceTree = "<group>"; };
/* End PBXFileReference section */

/* Begin PBXFrameworksBuildPhase section */
		0D95D4571DB54CA5004EDFAF /* Frameworks */ = {
			isa = PBXFrameworksBuildPhase;
			buildActionMask = 2147483647;
			files = (
			);
			runOnlyForDeploymentPostprocessing = 0;
		};
/* End PBXFrameworksBuildPhase section */

/* Begin PBXGroup section */
		0D95D4511DB54CA5004EDFAF = {
			isa = PBXGroup;
			children = (
				0D95D45C1DB54CA5004EDFAF /* EventAppiOS */,
				0D95D45B1DB54CA5004EDFAF /* Products */,
			);
			sourceTree = "<group>";
		};
		0D95D45B1DB54CA5004EDFAF /* Products */ = {
			isa = PBXGroup;
			children = (
				0D95D45A1DB54CA5004EDFAF /* DrinksMate.app */,
			);
			name = Products;
			sourceTree = "<group>";
		};
		0D95D45C1DB54CA5004EDFAF /* EventAppiOS */ = {
			isa = PBXGroup;
			children = (
				0D95D45D1DB54CA5004EDFAF /* AppDelegate.swift */,
				0D95D45F1DB54CA5004EDFAF /* ViewController.swift */,
				0D95D4611DB54CA5004EDFAF /* Main.storyboard */,
				0D95D4641DB54CA5004EDFAF /* Assets.xcassets */,
				0D95D4661DB54CA5004EDFAF /* LaunchScreen.storyboard */,
				0D95D4691DB54CA5004EDFAF /* Info.plist */,
			);
			path = EventAppiOS;
			sourceTree = "<group>";
		};
/* End PBXGroup section */

/* Begin PBXNativeTarget section */
		0D95D4591DB54CA5004EDFAF /* DrinksMate */ = {
			isa = PBXNativeTarget;
			buildConfigurationList = 0D95D46C1DB54CA5004EDFAF /* Build configuration list for PBXNativeTarget "DrinksMate" */;
			buildPhases = (
				0D95D4561DB54CA5004EDFAF /* Sources */,
				0D95D4571DB54CA5004EDFAF /* Frameworks */,
				0D95D4581DB54CA5004EDFAF /* Resources */,
			);
			buildRules = (
			);
			dependencies = (
			);
			name = DrinksMate;
			productName = EventAppiOS;
			productReference = 0D95D45A1DB54CA5004EDFAF /* DrinksMate.app */;
			productType = "com.apple.product-type.application";
		};
/* End PBXNativeTarget section */

/* Begin PBXProject section */
		0D95D4521DB54CA5004EDFAF /* Project object */ = {
			isa = PBXProject;
			attributes = {
				LastSwiftUpdateCheck = 0800;
				LastUpgradeCheck = 1030;
				ORGANIZATIONNAME = "Nevin Valsaraj";
				TargetAttributes = {
					0D95D4591DB54CA5004EDFAF = {
						CreatedOnToolsVersion = 8.0;
						DevelopmentTeam = 435MXAW9T9;
						ProvisioningStyle = Automatic;
					};
				};
			};
			buildConfigurationList = 0D95D4551DB54CA5004EDFAF /* Build configuration list for PBXProject "DrinksMate" */;
			compatibilityVersion = "Xcode 3.2";
			developmentRegion = en;
			hasScannedForEncodings = 0;
			knownRegions = (
				en,
				Base,
			);
			mainGroup = 0D95D4511DB54CA5004EDFAF;
			productRefGroup = 0D95D45B1DB54CA5004EDFAF /* Products */;
			projectDirPath = "";
			projectRoot = "";
			targets = (
				0D95D4591DB54CA5004EDFAF /* DrinksMate */,
			);
		};
/* End PBXProject section */

/* Begin PBXResourcesBuildPhase section */
		0D95D4581DB54CA5004EDFAF /* Resources */ = {
			isa = PBXResourcesBuildPhase;
			buildActionMask = 2147483647;
			files = (
				0D95D4681DB54CA5004EDFAF /* LaunchScreen.storyboard in Resources */,
				0D95D4651DB54CA5004EDFAF /* Assets.xcassets in Resources */,
				0D95D4631DB54CA5004EDFAF /* Main.storyboard in Resources */,
			);
			runOnlyForDeploymentPostprocessing = 0;
		};
/* End PBXResourcesBuildPhase section */

/* Begin PBXSourcesBuildPhase section */
		0D95D4561DB54CA5004EDFAF /* Sources */ = {
			isa = PBXSourcesBuildPhase;
			buildActionMask = 2147483647;
			files = (
				0D95D4601DB54CA5004EDFAF /* ViewController.swift in Sources */,
				0D95D45E1DB54CA5004EDFAF /* AppDelegate.swift in Sources */,
			);
			runOnlyForDeploymentPostprocessing = 0;
		};
/* End PBXSourcesBuildPhase section */

/* Begin PBXVariantGroup section */
		0D95D4611DB54CA5004EDFAF /* Main.storyboard */ = {
			isa = PBXVariantGroup;
			children = (
				0D95D4621DB54CA5004EDFAF /* Base */,
			);
			name = Main.storyboard;
			sourceTree = "<group>";
		};
		0D95D4661DB54CA5004EDFAF /* LaunchScreen.storyboard */ = {
			isa = PBXVariantGroup;
			children = (
				0D95D4671DB54CA5004EDFAF /* Base */,
			);
			name = LaunchScreen.storyboard;
			sourceTree = "<group>";
		};
/* End PBXVariantGroup section */

/* Begin XCBuildConfiguration section */
		0D95D46A1DB54CA5004EDFAF /* Debug */ = {
			isa = XCBuildConfiguration;
			buildSettings = {
				ALWAYS_SEARCH_USER_PATHS = NO;
				CLANG_ANALYZER_LOCALIZABILITY_NONLOCALIZED = YES;
				CLANG_ANALYZER_NONNULL = YES;
				CLANG_CXX_LANGUAGE_STANDARD = "gnu++0x";
				CLANG_CXX_LIBRARY = "libc++";
				CLANG_ENABLE_MODULES = YES;
				CLANG_ENABLE_OBJC_ARC = YES;
				CLANG_WARN_BLOCK_CAPTURE_AUTORELEASING = YES;
				CLANG_WARN_BOOL_CONVERSION = YES;
				CLANG_WARN_COMMA = YES;
				CLANG_WARN_CONSTANT_CONVERSION = YES;
				CLANG_WARN_DEPRECATED_OBJC_IMPLEMENTATIONS = YES;
				CLANG_WARN_DIRECT_OBJC_ISA_USAGE = YES_ERROR;
				CLANG_WARN_DOCUMENTATION_COMMENTS = YES;
				CLANG_WARN_EMPTY_BODY = YES;
				CLANG_WARN_ENUM_CONVERSION = YES;
				CLANG_WARN_INFINITE_RECURSION = YES;
				CLANG_WARN_INT_CONVERSION = YES;
				CLANG_WARN_NON_LITERAL_NULL_CONVERSION = YES;
				CLANG_WARN_OBJC_IMPLICIT_RETAIN_SELF = YES;
				CLANG_WARN_OBJC_LITERAL_CONVERSION = YES;
				CLANG_WARN_OBJC_ROOT_CLASS = YES_ERROR;
				CLANG_WARN_RANGE_LOOP_ANALYSIS = YES;
				CLANG_WARN_STRICT_PROTOTYPES = YES;
				CLANG_WARN_SUSPICIOUS_MOVE = YES;
				CLANG_WARN_SUSPICIOUS_MOVES = YES;
				CLANG_WARN_UNREACHABLE_CODE = YES;
				CLANG_WARN__DUPLICATE_METHOD_MATCH = YES;
				CODE_SIGN_IDENTITY = "iPhone Developer";
				"CODE_SIGN_IDENTITY[sdk=iphoneos*]" = "iPhone Developer";
				COPY_PHASE_STRIP = NO;
				DEBUG_INFORMATION_FORMAT = dwarf;
				ENABLE_STRICT_OBJC_MSGSEND = YES;
				ENABLE_TESTABILITY = YES;
				GCC_C_LANGUAGE_STANDARD = gnu99;
				GCC_DYNAMIC_NO_PIC = NO;
				GCC_NO_COMMON_BLOCKS = YES;
				GCC_OPTIMIZATION_LEVEL = 0;
				GCC_PREPROCESSOR_DEFINITIONS = (
					"DEBUG=1",
					"$(inherited)",
				);
				GCC_WARN_64_TO_32_BIT_CONVERSION = YES;
				GCC_WARN_ABOUT_RETURN_TYPE = YES_ERROR;
				GCC_WARN_UNDECLARED_SELECTOR = YES;
				GCC_WARN_UNINITIALIZED_AUTOS = YES_AGGRESSIVE;
				GCC_WARN_UNUSED_FUNCTION = YES;
				GCC_WARN_UNUSED_VARIABLE = YES;
				IPHONEOS_DEPLOYMENT_TARGET = 10.0;
				MTL_ENABLE_DEBUG_INFO = YES;
				ONLY_ACTIVE_ARCH = YES;
				SDKROOT = iphoneos;
				SWIFT_ACTIVE_COMPILATION_CONDITIONS = DEBUG;
				SWIFT_INCLUDE_PATHS = "";
				SWIFT_OPTIMIZATION_LEVEL = "-Onone";
				SWIFT_SWIFT3_OBJC_INFERENCE = Off;
				SWIFT_VERSION = 4.2;
				TARGETED_DEVICE_FAMILY = "1,2";
			};
			name = Debug;
		};
		0D95D46B1DB54CA5004EDFAF /* Release */ = {
			isa = XCBuildConfiguration;
			buildSettings = {
				ALWAYS_SEARCH_USER_PATHS = NO;
				CLANG_ANALYZER_LOCALIZABILITY_NONLOCALIZED = YES;
				CLANG_ANALYZER_NONNULL = YES;
				CLANG_CXX_LANGUAGE_STANDARD = "gnu++0x";
				CLANG_CXX_LIBRARY = "libc++";
				CLANG_ENABLE_MODULES = YES;
				CLANG_ENABLE_OBJC_ARC = YES;
				CLANG_WARN_BLOCK_CAPTURE_AUTORELEASING = YES;
				CLANG_WARN_BOOL_CONVERSION = YES;
				CLANG_WARN_COMMA = YES;
				CLANG_WARN_CONSTANT_CONVERSION = YES;
				CLANG_WARN_DEPRECATED_OBJC_IMPLEMENTATIONS = YES;
				CLANG_WARN_DIRECT_OBJC_ISA_USAGE = YES_ERROR;
				CLANG_WARN_DOCUMENTATION_COMMENTS = YES;
				CLANG_WARN_EMPTY_BODY = YES;
				CLANG_WARN_ENUM_CONVERSION = YES;
				CLANG_WARN_INFINITE_RECURSION = YES;
				CLANG_WARN_INT_CONVERSION = YES;
				CLANG_WARN_NON_LITERAL_NULL_CONVERSION = YES;
				CLANG_WARN_OBJC_IMPLICIT_RETAIN_SELF = YES;
				CLANG_WARN_OBJC_LITERAL_CONVERSION = YES;
				CLANG_WARN_OBJC_ROOT_CLASS = YES_ERROR;
				CLANG_WARN_RANGE_LOOP_ANALYSIS = YES;
				CLANG_WARN_STRICT_PROTOTYPES = YES;
				CLANG_WARN_SUSPICIOUS_MOVE = YES;
				CLANG_WARN_SUSPICIOUS_MOVES = YES;
				CLANG_WARN_UNREACHABLE_CODE = YES;
				CLANG_WARN__DUPLICATE_METHOD_MATCH = YES;
				CODE_SIGN_IDENTITY = "iPhone Developer";
				"CODE_SIGN_IDENTITY[sdk=iphoneos*]" = "iPhone Developer";
				COPY_PHASE_STRIP = NO;
				DEBUG_INFORMATION_FORMAT = "dwarf-with-dsym";
				ENABLE_NS_ASSERTIONS = NO;
				ENABLE_STRICT_OBJC_MSGSEND = YES;
				GCC_C_LANGUAGE_STANDARD = gnu99;
				GCC_NO_COMMON_BLOCKS = YES;
				GCC_WARN_64_TO_32_BIT_CONVERSION = YES;
				GCC_WARN_ABOUT_RETURN_TYPE = YES_ERROR;
				GCC_WARN_UNDECLARED_SELECTOR = YES;
				GCC_WARN_UNINITIALIZED_AUTOS = YES_AGGRESSIVE;
				GCC_WARN_UNUSED_FUNCTION = YES;
				GCC_WARN_UNUSED_VARIABLE = YES;
				IPHONEOS_DEPLOYMENT_TARGET = 10.0;
				MTL_ENABLE_DEBUG_INFO = NO;
				SDKROOT = iphoneos;
				SWIFT_INCLUDE_PATHS = "";
				SWIFT_OPTIMIZATION_LEVEL = "-Owholemodule";
				SWIFT_SWIFT3_OBJC_INFERENCE = Off;
				SWIFT_VERSION = 4.2;
				TARGETED_DEVICE_FAMILY = "1,2";
				VALIDATE_PRODUCT = YES;
			};
			name = Release;
		};
		0D95D46D1DB54CA5004EDFAF /* Debug */ = {
			isa = XCBuildConfiguration;
			buildSettings = {
				ASSETCATALOG_COMPILER_APPICON_NAME = AppIcon;
				DEVELOPMENT_TEAM = 435MXAW9T9;
				INFOPLIST_FILE = EventAppiOS/Info.plist;
				LD_RUNPATH_SEARCH_PATHS = "$(inherited) @executable_path/Frameworks";
				PRODUCT_BUNDLE_IDENTIFIER = appmaker.drinksMate;
				PRODUCT_NAME = "$(TARGET_NAME)";
				SWIFT_VERSION = 4.2;
			};
			name = Debug;
		};
		0D95D46E1DB54CA5004EDFAF /* Release */ = {
			isa = XCBuildConfiguration;
			buildSettings = {
				ASSETCATALOG_COMPILER_APPICON_NAME = AppIcon;
				DEVELOPMENT_TEAM = 435MXAW9T9;
				INFOPLIST_FILE = EventAppiOS/Info.plist;
				LD_RUNPATH_SEARCH_PATHS = "$(inherited) @executable_path/Frameworks";
				PRODUCT_BUNDLE_IDENTIFIER = appmaker.drinksMate;
				PRODUCT_NAME = "$(TARGET_NAME)";
				SWIFT_VERSION = 4.2;
			};
			name = Release;
		};
/* End XCBuildConfiguration section */

/* Begin XCConfigurationList section */
		0D95D4551DB54CA5004EDFAF /* Build configuration list for PBXProject "DrinksMate" */ = {
			isa = XCConfigurationList;
			buildConfigurations = (
				0D95D46A1DB54CA5004EDFAF /* Debug */,
				0D95D46B1DB54CA5004EDFAF /* Release */,
			);
			defaultConfigurationIsVisible = 0;
			defaultConfigurationName = Release;
		};
		0D95D46C1DB54CA5004EDFAF /* Build configuration list for PBXNativeTarget "DrinksMate" */ = {
			isa = XCConfigurationList;
			buildConfigurations = (
				0D95D46D1DB54CA5004EDFAF /* Debug */,
				0D95D46E1DB54CA5004EDFAF /* Release */,
			);
			defaultConfigurationIsVisible = 0;
			defaultConfigurationName = Release;
		};
/* End XCConfigurationList section */
	};
	rootObject = 0D95D4521DB54CA5004EDFAF /* Project object */;
}
